Microsoft Visual Studio Solution File, Format Version 11.00
# Visual Studio 2008

Project("{378331CA-4D4D-30CE-B493-8055C16F8F19}") = "SoldierEvac", "Assembly-CSharp.csproj", "{CE06935B-592E-35C1-088B-E777DAA2A5EE}"
EndProject
Global
	GlobalSection(SolutionConfigurationPlatforms) = preSolution
		Debug|Any CPU = Debug|Any CPU
		Release|Any CPU = Release|Any CPU
	EndGlobalSection
	GlobalSection(ProjectConfigurationPlatforms) = postSolution
		{CE06935B-592E-35C1-088B-E777DAA2A5EE}.Debug|Any CPU.ActiveCfg = Debug|Any CPU
		{CE06935B-592E-35C1-088B-E777DAA2A5EE}.Debug|Any CPU.Build.0 = Debug|Any CPU
		{CE06935B-592E-35C1-088B-E777DAA2A5EE}.Release|Any CPU.ActiveCfg = Release|Any CPU
		{CE06935B-592E-35C1-088B-E777DAA2A5EE}.Release|Any CPU.Build.0 = Release|Any CPU
	EndGlobalSection
	GlobalSection(SolutionProperties) = preSolution
		HideSolutionNode = FALSE
	EndGlobalSection
	GlobalSection(MonoDevelopProperties) = preSolution
		StartupItem = Assembly-CSharp.csproj
	EndGlobalSection
EndGlobal
